
Microsoft Visual Studio Solution File, Format Version 12.00
# Visual Studio Version 17
VisualStudioVersion = 17.4.33213.308
MinimumVisualStudioVersion = 10.0.40219.1
Project("{FAE04EC0-301F-11D3-BF4B-00C04F79EFBC}") = "PIN_Code", "PIN_Code\PIN_Code.csproj", "{BD5D900E-18CE-4CDB-9E52-7EF4C663EEC2}"
EndProject
Global
	GlobalSection(SolutionConfigurationPlatforms) = preSolution
		Debug|Any CPU = Debug|Any CPU
		Release|Any CPU = Release|Any CPU
	EndGlobalSection
	GlobalSection(ProjectConfigurationPlatforms) = postSolution
		{BD5D900E-18CE-4CDB-9E52-7EF4C663EEC2}.Debug|Any CPU.ActiveCfg = Debug|Any CPU
		{BD5D900E-18CE-4CDB-9E52-7EF4C663EEC2}.Debug|Any CPU.Build.0 = Debug|Any CPU
		{BD5D900E-18CE-4CDB-9E52-7EF4C663EEC2}.Release|Any CPU.ActiveCfg = Release|Any CPU
		{BD5D900E-18CE-4CDB-9E52-7EF4C663EEC2}.Release|Any CPU.Build.0 = Release|Any CPU
	EndGlobalSection
	GlobalSection(SolutionProperties) = preSolution
		HideSolutionNode = FALSE
	EndGlobalSection
	GlobalSection(ExtensibilityGlobals) = postSolution
		SolutionGuid = {4DDD4B32-7699-41CE-8F01-0A7F71A155DB}
	EndGlobalSection
EndGlobal
